// !$*UTF8*$!
{
	archiveVersion = 1;
	classes = {
	};
	objectVersion = 46;
	objects = {

/* Begin PBXBuildFile section */
		4875D9E407A2D839CE52B228 /* Pods_GifMeJerry.framework in Frameworks */ = {isa = PBXBuildFile; fileRef = C8E361BEE3F43106C3E50806 /* Pods_GifMeJerry.framework */; };
		FE8F4DD81EA14C1A00ECCEA9 /* AppDelegate.swift in Sources */ = {isa = PBXBuildFile; fileRef = FE8F4DD71EA14C1A00ECCEA9 /* AppDelegate.swift */; };
		FE8F4DDA1EA14C1A00ECCEA9 /* HomeViewController.swift in Sources */ = {isa = PBXBuildFile; fileRef = FE8F4DD91EA14C1A00ECCEA9 /* HomeViewController.swift */; };
		FE8F4DDD1EA14C1A00ECCEA9 /* Main.storyboard in Resources */ = {isa = PBXBuildFile; fileRef = FE8F4DDB1EA14C1A00ECCEA9 /* Main.storyboard */; };
		FE8F4DDF1EA14C1A00ECCEA9 /* Assets.xcassets in Resources */ = {isa = PBXBuildFile; fileRef = FE8F4DDE1EA14C1A00ECCEA9 /* Assets.xcassets */; };
		FE8F4DE21EA14C1A00ECCEA9 /* LaunchScreen.storyboard in Resources */ = {isa = PBXBuildFile; fileRef = FE8F4DE01EA14C1A00ECCEA9 /* LaunchScreen.storyboard */; };
		FE8F4DEA1EA14D1A00ECCEA9 /* GifCollectionViewCell.xib in Resources */ = {isa = PBXBuildFile; fileRef = FE8F4DE91EA14D1A00ECCEA9 /* GifCollectionViewCell.xib */; };
		FE8F4DEC1EA14D4900ECCEA9 /* GifCollectionViewCell.swift in Sources */ = {isa = PBXBuildFile; fileRef = FE8F4DEB1EA14D4900ECCEA9 /* GifCollectionViewCell.swift */; };
		FE8F4DEF1EA16EED00ECCEA9 /* APIConsumer.swift in Sources */ = {isa = PBXBuildFile; fileRef = FE8F4DEE1EA16EED00ECCEA9 /* APIConsumer.swift */; };
		FE8F4DF11EA16F1900ECCEA9 /* Gif.swift in Sources */ = {isa = PBXBuildFile; fileRef = FE8F4DF01EA16F1900ECCEA9 /* Gif.swift */; };
/* End PBXBuildFile section */

/* Begin PBXFileReference section */
		8DF56F3E34E61C441A5E81AF /* Pods-GifMeJerry.release.xcconfig */ = {isa = PBXFileReference; includeInIndex = 1; lastKnownFileType = text.xcconfig; name = "Pods-GifMeJerry.release.xcconfig"; path = "Pods/Target Support Files/Pods-GifMeJerry/Pods-GifMeJerry.release.xcconfig"; sourceTree = "<group>"; };
		C8E361BEE3F43106C3E50806 /* Pods_GifMeJerry.framework */ = {isa = PBXFileReference; explicitFileType = wrapper.framework; includeInIndex = 0; path = Pods_GifMeJerry.framework; sourceTree = BUILT_PRODUCTS_DIR; };
		F6A71DBADB034055159DD3D3 /* Pods-GifMeJerry.debug.xcconfig */ = {isa = PBXFileReference; includeInIndex = 1; lastKnownFileType = text.xcconfig; name = "Pods-GifMeJerry.debug.xcconfig"; path = "Pods/Target Support Files/Pods-GifMeJerry/Pods-GifMeJerry.debug.xcconfig"; sourceTree = "<group>"; };
		FE8F4DD41EA14C1A00ECCEA9 /* GifMeJerry.app */ = {isa = PBXFileReference; explicitFileType = wrapper.application; includeInIndex = 0; path = GifMeJerry.app; sourceTree = BUILT_PRODUCTS_DIR; };
		FE8F4DD71EA14C1A00ECCEA9 /* AppDelegate.swift */ = {isa = PBXFileReference; lastKnownFileType = sourcecode.swift; path = AppDelegate.swift; sourceTree = "<group>"; };
		FE8F4DD91EA14C1A00ECCEA9 /* HomeViewController.swift */ = {isa = PBXFileReference; lastKnownFileType = sourcecode.swift; path = HomeViewController.swift; sourceTree = "<group>"; };
		FE8F4DDC1EA14C1A00ECCEA9 /* Base */ = {isa = PBXFileReference; lastKnownFileType = file.storyboard; name = Base; path = Base.lproj/Main.storyboard; sourceTree = "<group>"; };
		FE8F4DDE1EA14C1A00ECCEA9 /* Assets.xcassets */ = {isa = PBXFileReference; lastKnownFileType = folder.assetcatalog; path = Assets.xcassets; sourceTree = "<group>"; };
		FE8F4DE11EA14C1A00ECCEA9 /* Base */ = {isa = PBXFileReference; lastKnownFileType = file.storyboard; name = Base; path = Base.lproj/LaunchScreen.storyboard; sourceTree = "<group>"; };
		FE8F4DE31EA14C1A00ECCEA9 /* Info.plist */ = {isa = PBXFileReference; lastKnownFileType = text.plist.xml; path = Info.plist; sourceTree = "<group>"; };
		FE8F4DE91EA14D1A00ECCEA9 /* GifCollectionViewCell.xib */ = {isa = PBXFileReference; fileEncoding = 4; lastKnownFileType = file.xib; path = GifCollectionViewCell.xib; sourceTree = "<group>"; };
		FE8F4DEB1EA14D4900ECCEA9 /* GifCollectionViewCell.swift */ = {isa = PBXFileReference; fileEncoding = 4; lastKnownFileType = sourcecode.swift; path = GifCollectionViewCell.swift; sourceTree = "<group>"; };
		FE8F4DEE1EA16EED00ECCEA9 /* APIConsumer.swift */ = {isa = PBXFileReference; fileEncoding = 4; lastKnownFileType = sourcecode.swift; path = APIConsumer.swift; sourceTree = "<group>"; };
		FE8F4DF01EA16F1900ECCEA9 /* Gif.swift */ = {isa = PBXFileReference; fileEncoding = 4; lastKnownFileType = sourcecode.swift; path = Gif.swift; sourceTree = "<group>"; };
/* End PBXFileReference section */

/* Begin PBXFrameworksBuildPhase section */
		FE8F4DD11EA14C1A00ECCEA9 /* Frameworks */ = {
			isa = PBXFrameworksBuildPhase;
			buildActionMask = 2147483647;
			files = (
				4875D9E407A2D839CE52B228 /* Pods_GifMeJerry.framework in Frameworks */,
			);
			runOnlyForDeploymentPostprocessing = 0;
		};
/* End PBXFrameworksBuildPhase section */

/* Begin PBXGroup section */
		A81F40AF7D90C2F2A1852629 /* Pods */ = {
			isa = PBXGroup;
			children = (
				F6A71DBADB034055159DD3D3 /* Pods-GifMeJerry.debug.xcconfig */,
				8DF56F3E34E61C441A5E81AF /* Pods-GifMeJerry.release.xcconfig */,
			);
			name = Pods;
			sourceTree = "<group>";
		};
		B574350D65299D7A3DBF263A /* Frameworks */ = {
			isa = PBXGroup;
			children = (
				C8E361BEE3F43106C3E50806 /* Pods_GifMeJerry.framework */,
			);
			name = Frameworks;
			sourceTree = "<group>";
		};
		FE8F4DCB1EA14C1A00ECCEA9 = {
			isa = PBXGroup;
			children = (
				FE8F4DD61EA14C1A00ECCEA9 /* GifMeJerry */,
				FE8F4DD51EA14C1A00ECCEA9 /* Products */,
				A81F40AF7D90C2F2A1852629 /* Pods */,
				B574350D65299D7A3DBF263A /* Frameworks */,
			);
			sourceTree = "<group>";
		};
		FE8F4DD51EA14C1A00ECCEA9 /* Products */ = {
			isa = PBXGroup;
			children = (
				FE8F4DD41EA14C1A00ECCEA9 /* GifMeJerry.app */,
			);
			name = Products;
			sourceTree = "<group>";
		};
		FE8F4DD61EA14C1A00ECCEA9 /* GifMeJerry */ = {
			isa = PBXGroup;
			children = (
				FE8F4DD71EA14C1A00ECCEA9 /* AppDelegate.swift */,
				FE8F4DD91EA14C1A00ECCEA9 /* HomeViewController.swift */,
				FE8F4DDB1EA14C1A00ECCEA9 /* Main.storyboard */,
				FE8F4DE91EA14D1A00ECCEA9 /* GifCollectionViewCell.xib */,
				FE8F4DEB1EA14D4900ECCEA9 /* GifCollectionViewCell.swift */,
				FE8F4DED1EA16ECC00ECCEA9 /* GifData */,
				FE8F4DDE1EA14C1A00ECCEA9 /* Assets.xcassets */,
				FE8F4DE01EA14C1A00ECCEA9 /* LaunchScreen.storyboard */,
				FE8F4DE31EA14C1A00ECCEA9 /* Info.plist */,
			);
			path = GifMeJerry;
			sourceTree = "<group>";
		};
		FE8F4DED1EA16ECC00ECCEA9 /* GifData */ = {
			isa = PBXGroup;
			children = (
				FE8F4DEE1EA16EED00ECCEA9 /* APIConsumer.swift */,
				FE8F4DF01EA16F1900ECCEA9 /* Gif.swift */,
			);
			name = GifData;
			sourceTree = "<group>";
		};
/* End PBXGroup section */

/* Begin PBXNativeTarget section */
		FE8F4DD31EA14C1A00ECCEA9 /* GifMeJerry */ = {
			isa = PBXNativeTarget;
			buildConfigurationList = FE8F4DE61EA14C1A00ECCEA9 /* Build configuration list for PBXNativeTarget "GifMeJerry" */;
			buildPhases = (
				1ED6AFD8240BB13806F0CB3C /* [CP] Check Pods Manifest.lock */,
				FE8F4DD01EA14C1A00ECCEA9 /* Sources */,
				FE8F4DD11EA14C1A00ECCEA9 /* Frameworks */,
				FE8F4DD21EA14C1A00ECCEA9 /* Resources */,
				292A3F436D7E325EACFA0B13 /* [CP] Embed Pods Frameworks */,
				A30D4144E01D6272261CF653 /* [CP] Copy Pods Resources */,
			);
			buildRules = (
			);
			dependencies = (
			);
			name = GifMeJerry;
			productName = GifMeJerry;
			productReference = FE8F4DD41EA14C1A00ECCEA9 /* GifMeJerry.app */;
			productType = "com.apple.product-type.application";
		};
/* End PBXNativeTarget section */

/* Begin PBXProject section */
		FE8F4DCC1EA14C1A00ECCEA9 /* Project object */ = {
			isa = PBXProject;
			attributes = {
				LastSwiftUpdateCheck = 0820;
				LastUpgradeCheck = 0820;
				ORGANIZATIONNAME = "Mutty, Nina";
				TargetAttributes = {
					FE8F4DD31EA14C1A00ECCEA9 = {
						CreatedOnToolsVersion = 8.2;
						ProvisioningStyle = Automatic;
					};
				};
			};
			buildConfigurationList = FE8F4DCF1EA14C1A00ECCEA9 /* Build configuration list for PBXProject "GifMeJerry" */;
			compatibilityVersion = "Xcode 3.2";
			developmentRegion = English;
			hasScannedForEncodings = 0;
			knownRegions = (
				en,
				Base,
			);
			mainGroup = FE8F4DCB1EA14C1A00ECCEA9;
			productRefGroup = FE8F4DD51EA14C1A00ECCEA9 /* Products */;
			projectDirPath = "";
			projectRoot = "";
			targets = (
				FE8F4DD31EA14C1A00ECCEA9 /* GifMeJerry */,
			);
		};
/* End PBXProject section */

/* Begin PBXResourcesBuildPhase section */
		FE8F4DD21EA14C1A00ECCEA9 /* Resources */ = {
			isa = PBXResourcesBuildPhase;
			buildActionMask = 2147483647;
			files = (
				FE8F4DE21EA14C1A00ECCEA9 /* LaunchScreen.storyboard in Resources */,
				FE8F4DDF1EA14C1A00ECCEA9 /* Assets.xcassets in Resources */,
				FE8F4DDD1EA14C1A00ECCEA9 /* Main.storyboard in Resources */,
				FE8F4DEA1EA14D1A00ECCEA9 /* GifCollectionViewCell.xib in Resources */,
			);
			runOnlyForDeploymentPostprocessing = 0;
		};
/* End PBXResourcesBuildPhase section */

/* Begin PBXShellScriptBuildPhase section */
		1ED6AFD8240BB13806F0CB3C /* [CP] Check Pods Manifest.lock */ = {
			isa = PBXShellScriptBuildPhase;
			buildActionMask = 2147483647;
			files = (
			);
			inputPaths = (
			);
			name = "[CP] Check Pods Manifest.lock";
			outputPaths = (
			);
			runOnlyForDeploymentPostprocessing = 0;
			shellPath = /bin/sh;
			shellScript = "diff \"${PODS_ROOT}/../Podfile.lock\" \"${PODS_ROOT}/Manifest.lock\" > /dev/null\nif [ $? != 0 ] ; then\n    # print error to STDERR\n    echo \"error: The sandbox is not in sync with the Podfile.lock. Run 'pod install' or update your CocoaPods installation.\" >&2\n    exit 1\nfi\n";
			showEnvVarsInLog = 0;
		};
		292A3F436D7E325EACFA0B13 /* [CP] Embed Pods Frameworks */ = {
			isa = PBXShellScriptBuildPhase;
			buildActionMask = 2147483647;
			files = (
			);
			inputPaths = (
			);
			name = "[CP] Embed Pods Frameworks";
			outputPaths = (
			);
			runOnlyForDeploymentPostprocessing = 0;
			shellPath = /bin/sh;
			shellScript = "\"${SRCROOT}/Pods/Target Support Files/Pods-GifMeJerry/Pods-GifMeJerry-frameworks.sh\"\n";
			showEnvVarsInLog = 0;
		};
		A30D4144E01D6272261CF653 /* [CP] Copy Pods Resources */ = {
			isa = PBXShellScriptBuildPhase;
			buildActionMask = 2147483647;
			files = (
			);
			inputPaths = (
			);
			name = "[CP] Copy Pods Resources";
			outputPaths = (
			);
			runOnlyForDeploymentPostprocessing = 0;
			shellPath = /bin/sh;
			shellScript = "\"${SRCROOT}/Pods/Target Support Files/Pods-GifMeJerry/Pods-GifMeJerry-resources.sh\"\n";
			showEnvVarsInLog = 0;
		};
/* End PBXShellScriptBuildPhase section */

/* Begin PBXSourcesBuildPhase section */
		FE8F4DD01EA14C1A00ECCEA9 /* Sources */ = {
			isa = PBXSourcesBuildPhase;
			buildActionMask = 2147483647;
			files = (
				FE8F4DF11EA16F1900ECCEA9 /* Gif.swift in Sources */,
				FE8F4DEC1EA14D4900ECCEA9 /* GifCollectionViewCell.swift in Sources */,
				FE8F4DDA1EA14C1A00ECCEA9 /* HomeViewController.swift in Sources */,
				FE8F4DEF1EA16EED00ECCEA9 /* APIConsumer.swift in Sources */,
				FE8F4DD81EA14C1A00ECCEA9 /* AppDelegate.swift in Sources */,
			);
			runOnlyForDeploymentPostprocessing = 0;
		};
/* End PBXSourcesBuildPhase section */

/* Begin PBXVariantGroup section */
		FE8F4DDB1EA14C1A00ECCEA9 /* Main.storyboard */ = {
			isa = PBXVariantGroup;
			children = (
				FE8F4DDC1EA14C1A00ECCEA9 /* Base */,
			);
			name = Main.storyboard;
			sourceTree = "<group>";
		};
		FE8F4DE01EA14C1A00ECCEA9 /* LaunchScreen.storyboard */ = {
			isa = PBXVariantGroup;
			children = (
				FE8F4DE11EA14C1A00ECCEA9 /* Base */,
			);
			name = LaunchScreen.storyboard;
			sourceTree = "<group>";
		};
/* End PBXVariantGroup section */

/* Begin XCBuildConfiguration section */
		FE8F4DE41EA14C1A00ECCEA9 /* Debug */ = {
			isa = XCBuildConfiguration;
			buildSettings = {
				ALWAYS_SEARCH_USER_PATHS = NO;
				CLANG_ANALYZER_NONNULL = YES;
				CLANG_CXX_LANGUAGE_STANDARD = "gnu++0x";
				CLANG_CXX_LIBRARY = "libc++";
				CLANG_ENABLE_MODULES = YES;
				CLANG_ENABLE_OBJC_ARC = YES;
				CLANG_WARN_BOOL_CONVERSION = YES;
				CLANG_WARN_CONSTANT_CONVERSION = YES;
				CLANG_WARN_DIRECT_OBJC_ISA_USAGE = YES_ERROR;
				CLANG_WARN_DOCUMENTATION_COMMENTS = YES;
				CLANG_WARN_EMPTY_BODY = YES;
				CLANG_WARN_ENUM_CONVERSION = YES;
				CLANG_WARN_INFINITE_RECURSION = YES;
				CLANG_WARN_INT_CONVERSION = YES;
				CLANG_WARN_OBJC_ROOT_CLASS = YES_ERROR;
				CLANG_WARN_SUSPICIOUS_MOVE = YES;
				CLANG_WARN_UNREACHABLE_CODE = YES;
				CLANG_WARN__DUPLICATE_METHOD_MATCH = YES;
				"CODE_SIGN_IDENTITY[sdk=iphoneos*]" = "iPhone Developer";
				COPY_PHASE_STRIP = NO;
				DEBUG_INFORMATION_FORMAT = dwarf;
				ENABLE_STRICT_OBJC_MSGSEND = YES;
				ENABLE_TESTABILITY = YES;
				GCC_C_LANGUAGE_STANDARD = gnu99;
				GCC_DYNAMIC_NO_PIC = NO;
				GCC_NO_COMMON_BLOCKS = YES;
				GCC_OPTIMIZATION_LEVEL = 0;
				GCC_PREPROCESSOR_DEFINITIONS = (
					"DEBUG=1",
					"$(inherited)",
				);
				GCC_WARN_64_TO_32_BIT_CONVERSION = YES;
				GCC_WARN_ABOUT_RETURN_TYPE = YES_ERROR;
				GCC_WARN_UNDECLARED_SELECTOR = YES;
				GCC_WARN_UNINITIALIZED_AUTOS = YES_AGGRESSIVE;
				GCC_WARN_UNUSED_FUNCTION = YES;
				GCC_WARN_UNUSED_VARIABLE = YES;
				IPHONEOS_DEPLOYMENT_TARGET = 10.2;
				MTL_ENABLE_DEBUG_INFO = YES;
				ONLY_ACTIVE_ARCH = YES;
				SDKROOT = iphoneos;
				SWIFT_ACTIVE_COMPILATION_CONDITIONS = DEBUG;
				SWIFT_OPTIMIZATION_LEVEL = "-Onone";
			};
			name = Debug;
		};
		FE8F4DE51EA14C1A00ECCEA9 /* Release */ = {
			isa = XCBuildConfiguration;
			buildSettings = {
				ALWAYS_SEARCH_USER_PATHS = NO;
				CLANG_ANALYZER_NONNULL = YES;
				CLANG_CXX_LANGUAGE_STANDARD = "gnu++0x";
				CLANG_CXX_LIBRARY = "libc++";
				CLANG_ENABLE_MODULES = YES;
				CLANG_ENABLE_OBJC_ARC = YES;
				CLANG_WARN_BOOL_CONVERSION = YES;
				CLANG_WARN_CONSTANT_CONVERSION = YES;
				CLANG_WARN_DIRECT_OBJC_ISA_USAGE = YES_ERROR;
				CLANG_WARN_DOCUMENTATION_COMMENTS = YES;
				CLANG_WARN_EMPTY_BODY = YES;
				CLANG_WARN_ENUM_CONVERSION = YES;
				CLANG_WARN_INFINITE_RECURSION = YES;
				CLANG_WARN_INT_CONVERSION = YES;
				CLANG_WARN_OBJC_ROOT_CLASS = YES_ERROR;
				CLANG_WARN_SUSPICIOUS_MOVE = YES;
				CLANG_WARN_UNREACHABLE_CODE = YES;
				CLANG_WARN__DUPLICATE_METHOD_MATCH = YES;
				"CODE_SIGN_IDENTITY[sdk=iphoneos*]" = "iPhone Developer";
				COPY_PHASE_STRIP = NO;
				DEBUG_INFORMATION_FORMAT = "dwarf-with-dsym";
				ENABLE_NS_ASSERTIONS = NO;
				ENABLE_STRICT_OBJC_MSGSEND = YES;
				GCC_C_LANGUAGE_STANDARD = gnu99;
				GCC_NO_COMMON_BLOCKS = YES;
				GCC_WARN_64_TO_32_BIT_CONVERSION = YES;
				GCC_WARN_ABOUT_RETURN_TYPE = YES_ERROR;
				GCC_WARN_UNDECLARED_SELECTOR = YES;
				GCC_WARN_UNINITIALIZED_AUTOS = YES_AGGRESSIVE;
				GCC_WARN_UNUSED_FUNCTION = YES;
				GCC_WARN_UNUSED_VARIABLE = YES;
				IPHONEOS_DEPLOYMENT_TARGET = 10.2;
				MTL_ENABLE_DEBUG_INFO = NO;
				SDKROOT = iphoneos;
				SWIFT_OPTIMIZATION_LEVEL = "-Owholemodule";
				VALIDATE_PRODUCT = YES;
			};
			name = Release;
		};
		FE8F4DE71EA14C1A00ECCEA9 /* Debug */ = {
			isa = XCBuildConfiguration;
			baseConfigurationReference = F6A71DBADB034055159DD3D3 /* Pods-GifMeJerry.debug.xcconfig */;
			buildSettings = {
				ASSETCATALOG_COMPILER_APPICON_NAME = AppIcon;
				INFOPLIST_FILE = GifMeJerry/Info.plist;
				LD_RUNPATH_SEARCH_PATHS = "$(inherited) @executable_path/Frameworks";
				PRODUCT_BUNDLE_IDENTIFIER = ninamutty.com.GifMeJerry;
				PRODUCT_NAME = "$(TARGET_NAME)";
				SWIFT_VERSION = 3.0;
			};
			name = Debug;
		};
		FE8F4DE81EA14C1A00ECCEA9 /* Release */ = {
			isa = XCBuildConfiguration;
			baseConfigurationReference = 8DF56F3E34E61C441A5E81AF /* Pods-GifMeJerry.release.xcconfig */;
			buildSettings = {
				ASSETCATALOG_COMPILER_APPICON_NAME = AppIcon;
				INFOPLIST_FILE = GifMeJerry/Info.plist;
				LD_RUNPATH_SEARCH_PATHS = "$(inherited) @executable_path/Frameworks";
				PRODUCT_BUNDLE_IDENTIFIER = ninamutty.com.GifMeJerry;
				PRODUCT_NAME = "$(TARGET_NAME)";
				SWIFT_VERSION = 3.0;
			};
			name = Release;
		};
/* End XCBuildConfiguration section */

/* Begin XCConfigurationList section */
		FE8F4DCF1EA14C1A00ECCEA9 /* Build configuration list for PBXProject "GifMeJerry" */ = {
			isa = XCConfigurationList;
			buildConfigurations = (
				FE8F4DE41EA14C1A00ECCEA9 /* Debug */,
				FE8F4DE51EA14C1A00ECCEA9 /* Release */,
			);
			defaultConfigurationIsVisible = 0;
			defaultConfigurationName = Release;
		};
		FE8F4DE61EA14C1A00ECCEA9 /* Build configuration list for PBXNativeTarget "GifMeJerry" */ = {
			isa = XCConfigurationList;
			buildConfigurations = (
				FE8F4DE71EA14C1A00ECCEA9 /* Debug */,
				FE8F4DE81EA14C1A00ECCEA9 /* Release */,
			);
			defaultConfigurationIsVisible = 0;
			defaultConfigurationName = Release;
		};
/* End XCConfigurationList section */
	};
	rootObject = FE8F4DCC1EA14C1A00ECCEA9 /* Project object */;
}
